
Microsoft Visual Studio Solution File, Format Version 12.00
# Visual Studio Version 17
VisualStudioVersion = 17.12.35527.113
MinimumVisualStudioVersion = 10.0.40219.1
Project("{2150E333-8FDC-42A3-9474-1A3956D46DE8}") = "Services", "Services", "{0A4C1EB1-B85B-4689-9D71-3BE17FAD98DD}"
EndProject
Project("{2150E333-8FDC-42A3-9474-1A3956D46DE8}") = "Catalog", "Catalog", "{C8CB6556-B7EE-457E-A475-640E43C0FDFD}"
EndProject
Project("{FAE04EC0-301F-11D3-BF4B-00C04F79EFBC}") = "CatalogAPI", "src\Services\Catalog\CatalogAPI\CatalogAPI.csproj", "{DC772344-0660-40F6-A538-32C14218009D}"
EndProject
Project("{2150E333-8FDC-42A3-9474-1A3956D46DE8}") = "BuildingBlocks", "BuildingBlocks", "{4C4CBB1D-4425-4D6F-88E3-17DB37B0CF60}"
EndProject
Project("{FAE04EC0-301F-11D3-BF4B-00C04F79EFBC}") = "BuildingBlocks", "src\BuildingBlocks\BuildingBlocks\BuildingBlocks.csproj", "{4EED9388-CAF7-41B7-9129-BC0B01C5451A}"
EndProject
Project("{E53339B2-1760-4266-BCC7-CA923CBCF16C}") = "docker-compose", "docker-compose.dcproj", "{64B63F6D-0ACC-4AC7-B5A3-A0B15EFC1DC3}"
EndProject
Project("{2150E333-8FDC-42A3-9474-1A3956D46DE8}") = "Basket", "Basket", "{D4B593D9-2825-4670-B36D-C6112498229C}"
EndProject
Project("{FAE04EC0-301F-11D3-BF4B-00C04F79EFBC}") = "BasketAPI", "src\Services\Basket\BasketAPI\BasketAPI.csproj", "{D4FE6C6D-0EA5-41D0-95F1-C6EBE6452D6B}"
EndProject
Project("{2150E333-8FDC-42A3-9474-1A3956D46DE8}") = "Discount", "Discount", "{6480E0D2-13A4-440D-A1C8-65AD358F6EEB}"
EndProject
Project("{FAE04EC0-301F-11D3-BF4B-00C04F79EFBC}") = "DiscountGRPC", "src\Services\Discount\DiscountGRPC\DiscountGRPC.csproj", "{9E769C2F-B45D-44D2-8335-F15AE3668C79}"
EndProject
Project("{2150E333-8FDC-42A3-9474-1A3956D46DE8}") = "Ordering", "Ordering", "{0458BE79-B6EA-4736-A2EB-CED19C95770A}"
EndProject
Project("{FAE04EC0-301F-11D3-BF4B-00C04F79EFBC}") = "OrderingAPI", "src\Services\Ordering\OrderingAPI\OrderingAPI.csproj", "{7F63AD03-B12C-4CEF-BFE8-9F0E16E29E65}"
EndProject
Project("{FAE04EC0-301F-11D3-BF4B-00C04F79EFBC}") = "Ordering.Domain", "src\Services\Ordering\Ordering.Domain\Ordering.Domain.csproj", "{918E8912-2986-41E6-B9D1-376335AFE39E}"
EndProject
Project("{FAE04EC0-301F-11D3-BF4B-00C04F79EFBC}") = "Ordering.Application", "src\Services\Ordering\Ordering.Application\Ordering.Application.csproj", "{9271EF64-4B5E-4023-80C5-339AAE1EAB8D}"
EndProject
Project("{FAE04EC0-301F-11D3-BF4B-00C04F79EFBC}") = "Ordering.Infrastructure", "src\Services\Ordering\Ordering.Infrastructure\Ordering.Infrastructure.csproj", "{826A0ACC-2E9F-4320-9CD7-F5D2F38EF430}"
EndProject
Global
	GlobalSection(SolutionConfigurationPlatforms) = preSolution
		Debug|Any CPU = Debug|Any CPU
		Release|Any CPU = Release|Any CPU
	EndGlobalSection
	GlobalSection(ProjectConfigurationPlatforms) = postSolution
		{DC772344-0660-40F6-A538-32C14218009D}.Debug|Any CPU.ActiveCfg = Debug|Any CPU
		{DC772344-0660-40F6-A538-32C14218009D}.Debug|Any CPU.Build.0 = Debug|Any CPU
		{DC772344-0660-40F6-A538-32C14218009D}.Release|Any CPU.ActiveCfg = Release|Any CPU
		{DC772344-0660-40F6-A538-32C14218009D}.Release|Any CPU.Build.0 = Release|Any CPU
		{4EED9388-CAF7-41B7-9129-BC0B01C5451A}.Debug|Any CPU.ActiveCfg = Debug|Any CPU
		{4EED9388-CAF7-41B7-9129-BC0B01C5451A}.Debug|Any CPU.Build.0 = Debug|Any CPU
		{4EED9388-CAF7-41B7-9129-BC0B01C5451A}.Release|Any CPU.ActiveCfg = Release|Any CPU
		{4EED9388-CAF7-41B7-9129-BC0B01C5451A}.Release|Any CPU.Build.0 = Release|Any CPU
		{64B63F6D-0ACC-4AC7-B5A3-A0B15EFC1DC3}.Debug|Any CPU.ActiveCfg = Debug|Any CPU
		{64B63F6D-0ACC-4AC7-B5A3-A0B15EFC1DC3}.Debug|Any CPU.Build.0 = Debug|Any CPU
		{64B63F6D-0ACC-4AC7-B5A3-A0B15EFC1DC3}.Release|Any CPU.ActiveCfg = Release|Any CPU
		{64B63F6D-0ACC-4AC7-B5A3-A0B15EFC1DC3}.Release|Any CPU.Build.0 = Release|Any CPU
		{D4FE6C6D-0EA5-41D0-95F1-C6EBE6452D6B}.Debug|Any CPU.ActiveCfg = Debug|Any CPU
		{D4FE6C6D-0EA5-41D0-95F1-C6EBE6452D6B}.Debug|Any CPU.Build.0 = Debug|Any CPU
		{D4FE6C6D-0EA5-41D0-95F1-C6EBE6452D6B}.Release|Any CPU.ActiveCfg = Release|Any CPU
		{D4FE6C6D-0EA5-41D0-95F1-C6EBE6452D6B}.Release|Any CPU.Build.0 = Release|Any CPU
		{9E769C2F-B45D-44D2-8335-F15AE3668C79}.Debug|Any CPU.ActiveCfg = Debug|Any CPU
		{9E769C2F-B45D-44D2-8335-F15AE3668C79}.Debug|Any CPU.Build.0 = Debug|Any CPU
		{9E769C2F-B45D-44D2-8335-F15AE3668C79}.Release|Any CPU.ActiveCfg = Release|Any CPU
		{9E769C2F-B45D-44D2-8335-F15AE3668C79}.Release|Any CPU.Build.0 = Release|Any CPU
		{7F63AD03-B12C-4CEF-BFE8-9F0E16E29E65}.Debug|Any CPU.ActiveCfg = Debug|Any CPU
		{7F63AD03-B12C-4CEF-BFE8-9F0E16E29E65}.Debug|Any CPU.Build.0 = Debug|Any CPU
		{7F63AD03-B12C-4CEF-BFE8-9F0E16E29E65}.Release|Any CPU.ActiveCfg = Release|Any CPU
		{7F63AD03-B12C-4CEF-BFE8-9F0E16E29E65}.Release|Any CPU.Build.0 = Release|Any CPU
		{918E8912-2986-41E6-B9D1-376335AFE39E}.Debug|Any CPU.ActiveCfg = Debug|Any CPU
		{918E8912-2986-41E6-B9D1-376335AFE39E}.Debug|Any CPU.Build.0 = Debug|Any CPU
		{918E8912-2986-41E6-B9D1-376335AFE39E}.Release|Any CPU.ActiveCfg = Release|Any CPU
		{918E8912-2986-41E6-B9D1-376335AFE39E}.Release|Any CPU.Build.0 = Release|Any CPU
		{9271EF64-4B5E-4023-80C5-339AAE1EAB8D}.Debug|Any CPU.ActiveCfg = Debug|Any CPU
		{9271EF64-4B5E-4023-80C5-339AAE1EAB8D}.Debug|Any CPU.Build.0 = Debug|Any CPU
		{9271EF64-4B5E-4023-80C5-339AAE1EAB8D}.Release|Any CPU.ActiveCfg = Release|Any CPU
		{9271EF64-4B5E-4023-80C5-339AAE1EAB8D}.Release|Any CPU.Build.0 = Release|Any CPU
		{826A0ACC-2E9F-4320-9CD7-F5D2F38EF430}.Debug|Any CPU.ActiveCfg = Debug|Any CPU
		{826A0ACC-2E9F-4320-9CD7-F5D2F38EF430}.Debug|Any CPU.Build.0 = Debug|Any CPU
		{826A0ACC-2E9F-4320-9CD7-F5D2F38EF430}.Release|Any CPU.ActiveCfg = Release|Any CPU
		{826A0ACC-2E9F-4320-9CD7-F5D2F38EF430}.Release|Any CPU.Build.0 = Release|Any CPU
	EndGlobalSection
	GlobalSection(SolutionProperties) = preSolution
		HideSolutionNode = FALSE
	EndGlobalSection
	GlobalSection(NestedProjects) = preSolution
		{C8CB6556-B7EE-457E-A475-640E43C0FDFD} = {0A4C1EB1-B85B-4689-9D71-3BE17FAD98DD}
		{DC772344-0660-40F6-A538-32C14218009D} = {C8CB6556-B7EE-457E-A475-640E43C0FDFD}
		{4EED9388-CAF7-41B7-9129-BC0B01C5451A} = {4C4CBB1D-4425-4D6F-88E3-17DB37B0CF60}
		{D4B593D9-2825-4670-B36D-C6112498229C} = {0A4C1EB1-B85B-4689-9D71-3BE17FAD98DD}
		{D4FE6C6D-0EA5-41D0-95F1-C6EBE6452D6B} = {D4B593D9-2825-4670-B36D-C6112498229C}
		{6480E0D2-13A4-440D-A1C8-65AD358F6EEB} = {0A4C1EB1-B85B-4689-9D71-3BE17FAD98DD}
		{9E769C2F-B45D-44D2-8335-F15AE3668C79} = {6480E0D2-13A4-440D-A1C8-65AD358F6EEB}
		{0458BE79-B6EA-4736-A2EB-CED19C95770A} = {0A4C1EB1-B85B-4689-9D71-3BE17FAD98DD}
		{7F63AD03-B12C-4CEF-BFE8-9F0E16E29E65} = {0458BE79-B6EA-4736-A2EB-CED19C95770A}
		{918E8912-2986-41E6-B9D1-376335AFE39E} = {0458BE79-B6EA-4736-A2EB-CED19C95770A}
		{9271EF64-4B5E-4023-80C5-339AAE1EAB8D} = {0458BE79-B6EA-4736-A2EB-CED19C95770A}
		{826A0ACC-2E9F-4320-9CD7-F5D2F38EF430} = {0458BE79-B6EA-4736-A2EB-CED19C95770A}
	EndGlobalSection
EndGlobal
