
Microsoft Visual Studio Solution File, Format Version 12.00
# Visual Studio Version 17
VisualStudioVersion = 17.12.35527.113 d17.12
MinimumVisualStudioVersion = 10.0.40219.1
Project("{2150E333-8FDC-42A3-9474-1A3956D46DE8}") = "Services", "Services", "{0A4C1EB1-B85B-4689-9D71-3BE17FAD98DD}"
EndProject
Project("{2150E333-8FDC-42A3-9474-1A3956D46DE8}") = "Catalog", "Catalog", "{C8CB6556-B7EE-457E-A475-640E43C0FDFD}"
EndProject
Project("{FAE04EC0-301F-11D3-BF4B-00C04F79EFBC}") = "CatalogAPI", "src\Services\Catalog\CatalogAPI\CatalogAPI.csproj", "{DC772344-0660-40F6-A538-32C14218009D}"
EndProject
Project("{2150E333-8FDC-42A3-9474-1A3956D46DE8}") = "BuildingBlocks", "BuildingBlocks", "{4C4CBB1D-4425-4D6F-88E3-17DB37B0CF60}"
EndProject
Project("{FAE04EC0-301F-11D3-BF4B-00C04F79EFBC}") = "BuildingBlocks", "src\BuildingBlocks\BuildingBlocks\BuildingBlocks.csproj", "{4EED9388-CAF7-41B7-9129-BC0B01C5451A}"
EndProject
Project("{E53339B2-1760-4266-BCC7-CA923CBCF16C}") = "docker-compose", "docker-compose.dcproj", "{64B63F6D-0ACC-4AC7-B5A3-A0B15EFC1DC3}"
EndProject
Global
	GlobalSection(SolutionConfigurationPlatforms) = preSolution
		Debug|Any CPU = Debug|Any CPU
		Release|Any CPU = Release|Any CPU
	EndGlobalSection
	GlobalSection(ProjectConfigurationPlatforms) = postSolution
		{DC772344-0660-40F6-A538-32C14218009D}.Debug|Any CPU.ActiveCfg = Debug|Any CPU
		{DC772344-0660-40F6-A538-32C14218009D}.Debug|Any CPU.Build.0 = Debug|Any CPU
		{DC772344-0660-40F6-A538-32C14218009D}.Release|Any CPU.ActiveCfg = Release|Any CPU
		{DC772344-0660-40F6-A538-32C14218009D}.Release|Any CPU.Build.0 = Release|Any CPU
		{4EED9388-CAF7-41B7-9129-BC0B01C5451A}.Debug|Any CPU.ActiveCfg = Debug|Any CPU
		{4EED9388-CAF7-41B7-9129-BC0B01C5451A}.Debug|Any CPU.Build.0 = Debug|Any CPU
		{4EED9388-CAF7-41B7-9129-BC0B01C5451A}.Release|Any CPU.ActiveCfg = Release|Any CPU
		{4EED9388-CAF7-41B7-9129-BC0B01C5451A}.Release|Any CPU.Build.0 = Release|Any CPU
		{64B63F6D-0ACC-4AC7-B5A3-A0B15EFC1DC3}.Debug|Any CPU.ActiveCfg = Debug|Any CPU
		{64B63F6D-0ACC-4AC7-B5A3-A0B15EFC1DC3}.Debug|Any CPU.Build.0 = Debug|Any CPU
		{64B63F6D-0ACC-4AC7-B5A3-A0B15EFC1DC3}.Release|Any CPU.ActiveCfg = Release|Any CPU
		{64B63F6D-0ACC-4AC7-B5A3-A0B15EFC1DC3}.Release|Any CPU.Build.0 = Release|Any CPU
	EndGlobalSection
	GlobalSection(SolutionProperties) = preSolution
		HideSolutionNode = FALSE
	EndGlobalSection
	GlobalSection(NestedProjects) = preSolution
		{C8CB6556-B7EE-457E-A475-640E43C0FDFD} = {0A4C1EB1-B85B-4689-9D71-3BE17FAD98DD}
		{DC772344-0660-40F6-A538-32C14218009D} = {C8CB6556-B7EE-457E-A475-640E43C0FDFD}
		{4EED9388-CAF7-41B7-9129-BC0B01C5451A} = {4C4CBB1D-4425-4D6F-88E3-17DB37B0CF60}
	EndGlobalSection
EndGlobal
